// !$*UTF8*$!
{
	archiveVersion = 1;
	classes = {
	};
	objectVersion = 46;
	objects = {

/* Begin PBXBuildFile section */
		D33F28581D6173A500099DD4 /* AppDelegate.swift in Sources */ = {isa = PBXBuildFile; fileRef = D33F28571D6173A500099DD4 /* AppDelegate.swift */; };
		D33F285A1D6173A500099DD4 /* ViewController.swift in Sources */ = {isa = PBXBuildFile; fileRef = D33F28591D6173A500099DD4 /* ViewController.swift */; };
		D33F285D1D6173A500099DD4 /* Main.storyboard in Resources */ = {isa = PBXBuildFile; fileRef = D33F285B1D6173A500099DD4 /* Main.storyboard */; };
		D33F285F1D6173A500099DD4 /* Assets.xcassets in Resources */ = {isa = PBXBuildFile; fileRef = D33F285E1D6173A500099DD4 /* Assets.xcassets */; };
		D33F28621D6173A500099DD4 /* LaunchScreen.storyboard in Resources */ = {isa = PBXBuildFile; fileRef = D33F28601D6173A500099DD4 /* LaunchScreen.storyboard */; };
		D33F286D1D6173A500099DD4 /* SwiftNavigationControlTests.swift in Sources */ = {isa = PBXBuildFile; fileRef = D33F286C1D6173A500099DD4 /* SwiftNavigationControlTests.swift */; };
		D33F28781D6173A500099DD4 /* SwiftNavigationControlUITests.swift in Sources */ = {isa = PBXBuildFile; fileRef = D33F28771D6173A500099DD4 /* SwiftNavigationControlUITests.swift */; };
/* End PBXBuildFile section */

/* Begin PBXContainerItemProxy section */
		D33F28691D6173A500099DD4 /* PBXContainerItemProxy */ = {
			isa = PBXContainerItemProxy;
			containerPortal = D33F284C1D6173A500099DD4 /* Project object */;
			proxyType = 1;
			remoteGlobalIDString = D33F28531D6173A500099DD4;
			remoteInfo = SwiftNavigationControl;
		};
		D33F28741D6173A500099DD4 /* PBXContainerItemProxy */ = {
			isa = PBXContainerItemProxy;
			containerPortal = D33F284C1D6173A500099DD4 /* Project object */;
			proxyType = 1;
			remoteGlobalIDString = D33F28531D6173A500099DD4;
			remoteInfo = SwiftNavigationControl;
		};
/* End PBXContainerItemProxy section */

/* Begin PBXFileReference section */
		D33F28541D6173A500099DD4 /* SwiftNavigationControl.app */ = {isa = PBXFileReference; explicitFileType = wrapper.application; includeInIndex = 0; path = SwiftNavigationControl.app; sourceTree = BUILT_PRODUCTS_DIR; };
		D33F28571D6173A500099DD4 /* AppDelegate.swift */ = {isa = PBXFileReference; lastKnownFileType = sourcecode.swift; path = AppDelegate.swift; sourceTree = "<group>"; };
		D33F28591D6173A500099DD4 /* ViewController.swift */ = {isa = PBXFileReference; lastKnownFileType = sourcecode.swift; path = ViewController.swift; sourceTree = "<group>"; };
		D33F285C1D6173A500099DD4 /* Base */ = {isa = PBXFileReference; lastKnownFileType = file.storyboard; name = Base; path = Base.lproj/Main.storyboard; sourceTree = "<group>"; };
		D33F285E1D6173A500099DD4 /* Assets.xcassets */ = {isa = PBXFileReference; lastKnownFileType = folder.assetcatalog; path = Assets.xcassets; sourceTree = "<group>"; };
		D33F28611D6173A500099DD4 /* Base */ = {isa = PBXFileReference; lastKnownFileType = file.storyboard; name = Base; path = Base.lproj/LaunchScreen.storyboard; sourceTree = "<group>"; };
		D33F28631D6173A500099DD4 /* Info.plist */ = {isa = PBXFileReference; lastKnownFileType = text.plist.xml; path = Info.plist; sourceTree = "<group>"; };
		D33F28681D6173A500099DD4 /* SwiftNavigationControlTests.xctest */ = {isa = PBXFileReference; explicitFileType = wrapper.cfbundle; includeInIndex = 0; path = SwiftNavigationControlTests.xctest; sourceTree = BUILT_PRODUCTS_DIR; };
		D33F286C1D6173A500099DD4 /* SwiftNavigationControlTests.swift */ = {isa = PBXFileReference; lastKnownFileType = sourcecode.swift; path = SwiftNavigationControlTests.swift; sourceTree = "<group>"; };
		D33F286E1D6173A500099DD4 /* Info.plist */ = {isa = PBXFileReference; lastKnownFileType = text.plist.xml; path = Info.plist; sourceTree = "<group>"; };
		D33F28731D6173A500099DD4 /* SwiftNavigationControlUITests.xctest */ = {isa = PBXFileReference; explicitFileType = wrapper.cfbundle; includeInIndex = 0; path = SwiftNavigationControlUITests.xctest; sourceTree = BUILT_PRODUCTS_DIR; };
		D33F28771D6173A500099DD4 /* SwiftNavigationControlUITests.swift */ = {isa = PBXFileReference; lastKnownFileType = sourcecode.swift; path = SwiftNavigationControlUITests.swift; sourceTree = "<group>"; };
		D33F28791D6173A500099DD4 /* Info.plist */ = {isa = PBXFileReference; lastKnownFileType = text.plist.xml; path = Info.plist; sourceTree = "<group>"; };
/* End PBXFileReference section */

/* Begin PBXFrameworksBuildPhase section */
		D33F28511D6173A500099DD4 /* Frameworks */ = {
			isa = PBXFrameworksBuildPhase;
			buildActionMask = 2147483647;
			files = (
			);
			runOnlyForDeploymentPostprocessing = 0;
		};
		D33F28651D6173A500099DD4 /* Frameworks */ = {
			isa = PBXFrameworksBuildPhase;
			buildActionMask = 2147483647;
			files = (
			);
			runOnlyForDeploymentPostprocessing = 0;
		};
		D33F28701D6173A500099DD4 /* Frameworks */ = {
			isa = PBXFrameworksBuildPhase;
			buildActionMask = 2147483647;
			files = (
			);
			runOnlyForDeploymentPostprocessing = 0;
		};
/* End PBXFrameworksBuildPhase section */

/* Begin PBXGroup section */
		D33F284B1D6173A500099DD4 = {
			isa = PBXGroup;
			children = (
				D33F28561D6173A500099DD4 /* SwiftNavigationControl */,
				D33F286B1D6173A500099DD4 /* SwiftNavigationControlTests */,
				D33F28761D6173A500099DD4 /* SwiftNavigationControlUITests */,
				D33F28551D6173A500099DD4 /* Products */,
			);
			sourceTree = "<group>";
		};
		D33F28551D6173A500099DD4 /* Products */ = {
			isa = PBXGroup;
			children = (
				D33F28541D6173A500099DD4 /* SwiftNavigationControl.app */,
				D33F28681D6173A500099DD4 /* SwiftNavigationControlTests.xctest */,
				D33F28731D6173A500099DD4 /* SwiftNavigationControlUITests.xctest */,
			);
			name = Products;
			sourceTree = "<group>";
		};
		D33F28561D6173A500099DD4 /* SwiftNavigationControl */ = {
			isa = PBXGroup;
			children = (
				D33F28571D6173A500099DD4 /* AppDelegate.swift */,
				D33F28591D6173A500099DD4 /* ViewController.swift */,
				D33F285B1D6173A500099DD4 /* Main.storyboard */,
				D33F285E1D6173A500099DD4 /* Assets.xcassets */,
				D33F28601D6173A500099DD4 /* LaunchScreen.storyboard */,
				D33F28631D6173A500099DD4 /* Info.plist */,
			);
			path = SwiftNavigationControl;
			sourceTree = "<group>";
		};
		D33F286B1D6173A500099DD4 /* SwiftNavigationControlTests */ = {
			isa = PBXGroup;
			children = (
				D33F286C1D6173A500099DD4 /* SwiftNavigationControlTests.swift */,
				D33F286E1D6173A500099DD4 /* Info.plist */,
			);
			path = SwiftNavigationControlTests;
			sourceTree = "<group>";
		};
		D33F28761D6173A500099DD4 /* SwiftNavigationControlUITests */ = {
			isa = PBXGroup;
			children = (
				D33F28771D6173A500099DD4 /* SwiftNavigationControlUITests.swift */,
				D33F28791D6173A500099DD4 /* Info.plist */,
			);
			path = SwiftNavigationControlUITests;
			sourceTree = "<group>";
		};
/* End PBXGroup section */

/* Begin PBXNativeTarget section */
		D33F28531D6173A500099DD4 /* SwiftNavigationControl */ = {
			isa = PBXNativeTarget;
			buildConfigurationList = D33F287C1D6173A500099DD4 /* Build configuration list for PBXNativeTarget "SwiftNavigationControl" */;
			buildPhases = (
				D33F28501D6173A500099DD4 /* Sources */,
				D33F28511D6173A500099DD4 /* Frameworks */,
				D33F28521D6173A500099DD4 /* Resources */,
			);
			buildRules = (
			);
			dependencies = (
			);
			name = SwiftNavigationControl;
			productName = SwiftNavigationControl;
			productReference = D33F28541D6173A500099DD4 /* SwiftNavigationControl.app */;
			productType = "com.apple.product-type.application";
		};
		D33F28671D6173A500099DD4 /* SwiftNavigationControlTests */ = {
			isa = PBXNativeTarget;
			buildConfigurationList = D33F287F1D6173A500099DD4 /* Build configuration list for PBXNativeTarget "SwiftNavigationControlTests" */;
			buildPhases = (
				D33F28641D6173A500099DD4 /* Sources */,
				D33F28651D6173A500099DD4 /* Frameworks */,
				D33F28661D6173A500099DD4 /* Resources */,
			);
			buildRules = (
			);
			dependencies = (
				D33F286A1D6173A500099DD4 /* PBXTargetDependency */,
			);
			name = SwiftNavigationControlTests;
			productName = SwiftNavigationControlTests;
			productReference = D33F28681D6173A500099DD4 /* SwiftNavigationControlTests.xctest */;
			productType = "com.apple.product-type.bundle.unit-test";
		};
		D33F28721D6173A500099DD4 /* SwiftNavigationControlUITests */ = {
			isa = PBXNativeTarget;
			buildConfigurationList = D33F28821D6173A500099DD4 /* Build configuration list for PBXNativeTarget "SwiftNavigationControlUITests" */;
			buildPhases = (
				D33F286F1D6173A500099DD4 /* Sources */,
				D33F28701D6173A500099DD4 /* Frameworks */,
				D33F28711D6173A500099DD4 /* Resources */,
			);
			buildRules = (
			);
			dependencies = (
				D33F28751D6173A500099DD4 /* PBXTargetDependency */,
			);
			name = SwiftNavigationControlUITests;
			productName = SwiftNavigationControlUITests;
			productReference = D33F28731D6173A500099DD4 /* SwiftNavigationControlUITests.xctest */;
			productType = "com.apple.product-type.bundle.ui-testing";
		};
/* End PBXNativeTarget section */

/* Begin PBXProject section */
		D33F284C1D6173A500099DD4 /* Project object */ = {
			isa = PBXProject;
			attributes = {
				LastSwiftUpdateCheck = 0730;
				LastUpgradeCheck = 0730;
				ORGANIZATIONNAME = Seimith;
				TargetAttributes = {
					D33F28531D6173A500099DD4 = {
						CreatedOnToolsVersion = 7.3.1;
					};
					D33F28671D6173A500099DD4 = {
						CreatedOnToolsVersion = 7.3.1;
						TestTargetID = D33F28531D6173A500099DD4;
					};
					D33F28721D6173A500099DD4 = {
						CreatedOnToolsVersion = 7.3.1;
						TestTargetID = D33F28531D6173A500099DD4;
					};
				};
			};
			buildConfigurationList = D33F284F1D6173A500099DD4 /* Build configuration list for PBXProject "SwiftNavigationControl" */;
			compatibilityVersion = "Xcode 3.2";
			developmentRegion = English;
			hasScannedForEncodings = 0;
			knownRegions = (
				en,
				Base,
			);
			mainGroup = D33F284B1D6173A500099DD4;
			productRefGroup = D33F28551D6173A500099DD4 /* Products */;
			projectDirPath = "";
			projectRoot = "";
			targets = (
				D33F28531D6173A500099DD4 /* SwiftNavigationControl */,
				D33F28671D6173A500099DD4 /* SwiftNavigationControlTests */,
				D33F28721D6173A500099DD4 /* SwiftNavigationControlUITests */,
			);
		};
/* End PBXProject section */

/* Begin PBXResourcesBuildPhase section */
		D33F28521D6173A500099DD4 /* Resources */ = {
			isa = PBXResourcesBuildPhase;
			buildActionMask = 2147483647;
			files = (
				D33F28621D6173A500099DD4 /* LaunchScreen.storyboard in Resources */,
				D33F285F1D6173A500099DD4 /* Assets.xcassets in Resources */,
				D33F285D1D6173A500099DD4 /* Main.storyboard in Resources */,
			);
			runOnlyForDeploymentPostprocessing = 0;
		};
		D33F28661D6173A500099DD4 /* Resources */ = {
			isa = PBXResourcesBuildPhase;
			buildActionMask = 2147483647;
			files = (
			);
			runOnlyForDeploymentPostprocessing = 0;
		};
		D33F28711D6173A500099DD4 /* Resources */ = {
			isa = PBXResourcesBuildPhase;
			buildActionMask = 2147483647;
			files = (
			);
			runOnlyForDeploymentPostprocessing = 0;
		};
/* End PBXResourcesBuildPhase section */

/* Begin PBXSourcesBuildPhase section */
		D33F28501D6173A500099DD4 /* Sources */ = {
			isa = PBXSourcesBuildPhase;
			buildActionMask = 2147483647;
			files = (
				D33F285A1D6173A500099DD4 /* ViewController.swift in Sources */,
				D33F28581D6173A500099DD4 /* AppDelegate.swift in Sources */,
			);
			runOnlyForDeploymentPostprocessing = 0;
		};
		D33F28641D6173A500099DD4 /* Sources */ = {
			isa = PBXSourcesBuildPhase;
			buildActionMask = 2147483647;
			files = (
				D33F286D1D6173A500099DD4 /* SwiftNavigationControlTests.swift in Sources */,
			);
			runOnlyForDeploymentPostprocessing = 0;
		};
		D33F286F1D6173A500099DD4 /* Sources */ = {
			isa = PBXSourcesBuildPhase;
			buildActionMask = 2147483647;
			files = (
				D33F28781D6173A500099DD4 /* SwiftNavigationControlUITests.swift in Sources */,
			);
			runOnlyForDeploymentPostprocessing = 0;
		};
/* End PBXSourcesBuildPhase section */

/* Begin PBXTargetDependency section */
		D33F286A1D6173A500099DD4 /* PBXTargetDependency */ = {
			isa = PBXTargetDependency;
			target = D33F28531D6173A500099DD4 /* SwiftNavigationControl */;
			targetProxy = D33F28691D6173A500099DD4 /* PBXContainerItemProxy */;
		};
		D33F28751D6173A500099DD4 /* PBXTargetDependency */ = {
			isa = PBXTargetDependency;
			target = D33F28531D6173A500099DD4 /* SwiftNavigationControl */;
			targetProxy = D33F28741D6173A500099DD4 /* PBXContainerItemProxy */;
		};
/* End PBXTargetDependency section */

/* Begin PBXVariantGroup section */
		D33F285B1D6173A500099DD4 /* Main.storyboard */ = {
			isa = PBXVariantGroup;
			children = (
				D33F285C1D6173A500099DD4 /* Base */,
			);
			name = Main.storyboard;
			sourceTree = "<group>";
		};
		D33F28601D6173A500099DD4 /* LaunchScreen.storyboard */ = {
			isa = PBXVariantGroup;
			children = (
				D33F28611D6173A500099DD4 /* Base */,
			);
			name = LaunchScreen.storyboard;
			sourceTree = "<group>";
		};
/* End PBXVariantGroup section */

/* Begin XCBuildConfiguration section */
		D33F287A1D6173A500099DD4 /* Debug */ = {
			isa = XCBuildConfiguration;
			buildSettings = {
				ALWAYS_SEARCH_USER_PATHS = NO;
				CLANG_ANALYZER_NONNULL = YES;
				CLANG_CXX_LANGUAGE_STANDARD = "gnu++0x";
				CLANG_CXX_LIBRARY = "libc++";
				CLANG_ENABLE_MODULES = YES;
				CLANG_ENABLE_OBJC_ARC = YES;
				CLANG_WARN_BOOL_CONVERSION = YES;
				CLANG_WARN_CONSTANT_CONVERSION = YES;
				CLANG_WARN_DIRECT_OBJC_ISA_USAGE = YES_ERROR;
				CLANG_WARN_EMPTY_BODY = YES;
				CLANG_WARN_ENUM_CONVERSION = YES;
				CLANG_WARN_INT_CONVERSION = YES;
				CLANG_WARN_OBJC_ROOT_CLASS = YES_ERROR;
				CLANG_WARN_UNREACHABLE_CODE = YES;
				CLANG_WARN__DUPLICATE_METHOD_MATCH = YES;
				"CODE_SIGN_IDENTITY[sdk=iphoneos*]" = "iPhone Developer";
				COPY_PHASE_STRIP = NO;
				DEBUG_INFORMATION_FORMAT = dwarf;
				ENABLE_STRICT_OBJC_MSGSEND = YES;
				ENABLE_TESTABILITY = YES;
				GCC_C_LANGUAGE_STANDARD = gnu99;
				GCC_DYNAMIC_NO_PIC = NO;
				GCC_NO_COMMON_BLOCKS = YES;
				GCC_OPTIMIZATION_LEVEL = 0;
				GCC_PREPROCESSOR_DEFINITIONS = (
					"DEBUG=1",
					"$(inherited)",
				);
				GCC_WARN_64_TO_32_BIT_CONVERSION = YES;
				GCC_WARN_ABOUT_RETURN_TYPE = YES_ERROR;
				GCC_WARN_UNDECLARED_SELECTOR = YES;
				GCC_WARN_UNINITIALIZED_AUTOS = YES_AGGRESSIVE;
				GCC_WARN_UNUSED_FUNCTION = YES;
				GCC_WARN_UNUSED_VARIABLE = YES;
				IPHONEOS_DEPLOYMENT_TARGET = 9.3;
				MTL_ENABLE_DEBUG_INFO = YES;
				ONLY_ACTIVE_ARCH = YES;
				SDKROOT = iphoneos;
				SWIFT_OPTIMIZATION_LEVEL = "-Onone";
				TARGETED_DEVICE_FAMILY = "1,2";
			};
			name = Debug;
		};
		D33F287B1D6173A500099DD4 /* Release */ = {
			isa = XCBuildConfiguration;
			buildSettings = {
				ALWAYS_SEARCH_USER_PATHS = NO;
				CLANG_ANALYZER_NONNULL = YES;
				CLANG_CXX_LANGUAGE_STANDARD = "gnu++0x";
				CLANG_CXX_LIBRARY = "libc++";
				CLANG_ENABLE_MODULES = YES;
				CLANG_ENABLE_OBJC_ARC = YES;
				CLANG_WARN_BOOL_CONVERSION = YES;
				CLANG_WARN_CONSTANT_CONVERSION = YES;
				CLANG_WARN_DIRECT_OBJC_ISA_USAGE = YES_ERROR;
				CLANG_WARN_EMPTY_BODY = YES;
				CLANG_WARN_ENUM_CONVERSION = YES;
				CLANG_WARN_INT_CONVERSION = YES;
				CLANG_WARN_OBJC_ROOT_CLASS = YES_ERROR;
				CLANG_WARN_UNREACHABLE_CODE = YES;
				CLANG_WARN__DUPLICATE_METHOD_MATCH = YES;
				"CODE_SIGN_IDENTITY[sdk=iphoneos*]" = "iPhone Developer";
				COPY_PHASE_STRIP = NO;
				DEBUG_INFORMATION_FORMAT = "dwarf-with-dsym";
				ENABLE_NS_ASSERTIONS = NO;
				ENABLE_STRICT_OBJC_MSGSEND = YES;
				GCC_C_LANGUAGE_STANDARD = gnu99;
				GCC_NO_COMMON_BLOCKS = YES;
				GCC_WARN_64_TO_32_BIT_CONVERSION = YES;
				GCC_WARN_ABOUT_RETURN_TYPE = YES_ERROR;
				GCC_WARN_UNDECLARED_SELECTOR = YES;
				GCC_WARN_UNINITIALIZED_AUTOS = YES_AGGRESSIVE;
				GCC_WARN_UNUSED_FUNCTION = YES;
				GCC_WARN_UNUSED_VARIABLE = YES;
				IPHONEOS_DEPLOYMENT_TARGET = 9.3;
				MTL_ENABLE_DEBUG_INFO = NO;
				SDKROOT = iphoneos;
				TARGETED_DEVICE_FAMILY = "1,2";
				VALIDATE_PRODUCT = YES;
			};
			name = Release;
		};
		D33F287D1D6173A500099DD4 /* Debug */ = {
			isa = XCBuildConfiguration;
			buildSettings = {
				ASSETCATALOG_COMPILER_APPICON_NAME = AppIcon;
				INFOPLIST_FILE = SwiftNavigationControl/Info.plist;
				LD_RUNPATH_SEARCH_PATHS = "$(inherited) @executable_path/Frameworks";
				PRODUCT_BUNDLE_IDENTIFIER = com.seimith.SwiftNavigationControl;
				PRODUCT_NAME = "$(TARGET_NAME)";
			};
			name = Debug;
		};
		D33F287E1D6173A500099DD4 /* Release */ = {
			isa = XCBuildConfiguration;
			buildSettings = {
				ASSETCATALOG_COMPILER_APPICON_NAME = AppIcon;
				INFOPLIST_FILE = SwiftNavigationControl/Info.plist;
				LD_RUNPATH_SEARCH_PATHS = "$(inherited) @executable_path/Frameworks";
				PRODUCT_BUNDLE_IDENTIFIER = com.seimith.SwiftNavigationControl;
				PRODUCT_NAME = "$(TARGET_NAME)";
			};
			name = Release;
		};
		D33F28801D6173A500099DD4 /* Debug */ = {
			isa = XCBuildConfiguration;
			buildSettings = {
				BUNDLE_LOADER = "$(TEST_HOST)";
				INFOPLIST_FILE = SwiftNavigationControlTests/Info.plist;
				LD_RUNPATH_SEARCH_PATHS = "$(inherited) @executable_path/Frameworks @loader_path/Frameworks";
				PRODUCT_BUNDLE_IDENTIFIER = com.seimith.SwiftNavigationControlTests;
				PRODUCT_NAME = "$(TARGET_NAME)";
				TEST_HOST = "$(BUILT_PRODUCTS_DIR)/SwiftNavigationControl.app/SwiftNavigationControl";
			};
			name = Debug;
		};
		D33F28811D6173A500099DD4 /* Release */ = {
			isa = XCBuildConfiguration;
			buildSettings = {
				BUNDLE_LOADER = "$(TEST_HOST)";
				INFOPLIST_FILE = SwiftNavigationControlTests/Info.plist;
				LD_RUNPATH_SEARCH_PATHS = "$(inherited) @executable_path/Frameworks @loader_path/Frameworks";
				PRODUCT_BUNDLE_IDENTIFIER = com.seimith.SwiftNavigationControlTests;
				PRODUCT_NAME = "$(TARGET_NAME)";
				TEST_HOST = "$(BUILT_PRODUCTS_DIR)/SwiftNavigationControl.app/SwiftNavigationControl";
			};
			name = Release;
		};
		D33F28831D6173A500099DD4 /* Debug */ = {
			isa = XCBuildConfiguration;
			buildSettings = {
				INFOPLIST_FILE = SwiftNavigationControlUITests/Info.plist;
				LD_RUNPATH_SEARCH_PATHS = "$(inherited) @executable_path/Frameworks @loader_path/Frameworks";
				PRODUCT_BUNDLE_IDENTIFIER = com.seimith.SwiftNavigationControlUITests;
				PRODUCT_NAME = "$(TARGET_NAME)";
				TEST_TARGET_NAME = SwiftNavigationControl;
			};
			name = Debug;
		};
		D33F28841D6173A500099DD4 /* Release */ = {
			isa = XCBuildConfiguration;
			buildSettings = {
				INFOPLIST_FILE = SwiftNavigationControlUITests/Info.plist;
				LD_RUNPATH_SEARCH_PATHS = "$(inherited) @executable_path/Frameworks @loader_path/Frameworks";
				PRODUCT_BUNDLE_IDENTIFIER = com.seimith.SwiftNavigationControlUITests;
				PRODUCT_NAME = "$(TARGET_NAME)";
				TEST_TARGET_NAME = SwiftNavigationControl;
			};
			name = Release;
		};
/* End XCBuildConfiguration section */

/* Begin XCConfigurationList section */
		D33F284F1D6173A500099DD4 /* Build configuration list for PBXProject "SwiftNavigationControl" */ = {
			isa = XCConfigurationList;
			buildConfigurations = (
				D33F287A1D6173A500099DD4 /* Debug */,
				D33F287B1D6173A500099DD4 /* Release */,
			);
			defaultConfigurationIsVisible = 0;
			defaultConfigurationName = Release;
		};
		D33F287C1D6173A500099DD4 /* Build configuration list for PBXNativeTarget "SwiftNavigationControl" */ = {
			isa = XCConfigurationList;
			buildConfigurations = (
				D33F287D1D6173A500099DD4 /* Debug */,
				D33F287E1D6173A500099DD4 /* Release */,
			);
			defaultConfigurationIsVisible = 0;
		};
		D33F287F1D6173A500099DD4 /* Build configuration list for PBXNativeTarget "SwiftNavigationControlTests" */ = {
			isa = XCConfigurationList;
			buildConfigurations = (
				D33F28801D6173A500099DD4 /* Debug */,
				D33F28811D6173A500099DD4 /* Release */,
			);
			defaultConfigurationIsVisible = 0;
		};
		D33F28821D6173A500099DD4 /* Build configuration list for PBXNativeTarget "SwiftNavigationControlUITests" */ = {
			isa = XCConfigurationList;
			buildConfigurations = (
				D33F28831D6173A500099DD4 /* Debug */,
				D33F28841D6173A500099DD4 /* Release */,
			);
			defaultConfigurationIsVisible = 0;
		};
/* End XCConfigurationList section */
	};
	rootObject = D33F284C1D6173A500099DD4 /* Project object */;
}
